
Microsoft Visual Studio Solution File, Format Version 12.00
# Visual Studio 15
VisualStudioVersion = 15.0.28010.2036
MinimumVisualStudioVersion = 10.0.40219.1
Project("{FAE04EC0-301F-11D3-BF4B-00C04F79EFBC}") = "SandBoxZ", "SandBoxZ\SandBoxZ.csproj", "{651F8D8E-73F5-4F49-A4AF-F026B12CDD9E}"
EndProject
Global
	GlobalSection(SolutionConfigurationPlatforms) = preSolution
		Debug|Any CPU = Debug|Any CPU
		Release|Any CPU = Release|Any CPU
	EndGlobalSection
	GlobalSection(ProjectConfigurationPlatforms) = postSolution
		{651F8D8E-73F5-4F49-A4AF-F026B12CDD9E}.Debug|Any CPU.ActiveCfg = Debug|Any CPU
		{651F8D8E-73F5-4F49-A4AF-F026B12CDD9E}.Debug|Any CPU.Build.0 = Debug|Any CPU
		{651F8D8E-73F5-4F49-A4AF-F026B12CDD9E}.Release|Any CPU.ActiveCfg = Release|Any CPU
		{651F8D8E-73F5-4F49-A4AF-F026B12CDD9E}.Release|Any CPU.Build.0 = Release|Any CPU
	EndGlobalSection
	GlobalSection(SolutionProperties) = preSolution
		HideSolutionNode = FALSE
	EndGlobalSection
	GlobalSection(ExtensibilityGlobals) = postSolution
		SolutionGuid = {D36F5E50-155C-4D00-BAFF-3193CB39CBA5}
	EndGlobalSection
EndGlobal
